
Microsoft Visual Studio Solution File, Format Version 12.00
# Visual Studio Version 16
VisualStudioVersion = 16.0.29230.47
MinimumVisualStudioVersion = 10.0.40219.1
Project("{FAE04EC0-301F-11D3-BF4B-00C04F79EFBC}") = "MerchantsGuideApplication", "MerchantsGuideApplication.csproj", "{6987D337-9402-4864-BE8D-3D633F283F6B}"
EndProject
Global
	GlobalSection(SolutionConfigurationPlatforms) = preSolution
		Debug|Any CPU = Debug|Any CPU
		Release|Any CPU = Release|Any CPU
	EndGlobalSection
	GlobalSection(ProjectConfigurationPlatforms) = postSolution
		{6987D337-9402-4864-BE8D-3D633F283F6B}.Debug|Any CPU.ActiveCfg = Debug|Any CPU
		{6987D337-9402-4864-BE8D-3D633F283F6B}.Debug|Any CPU.Build.0 = Debug|Any CPU
		{6987D337-9402-4864-BE8D-3D633F283F6B}.Release|Any CPU.ActiveCfg = Release|Any CPU
		{6987D337-9402-4864-BE8D-3D633F283F6B}.Release|Any CPU.Build.0 = Release|Any CPU
	EndGlobalSection
	GlobalSection(SolutionProperties) = preSolution
		HideSolutionNode = FALSE
	EndGlobalSection
	GlobalSection(ExtensibilityGlobals) = postSolution
		SolutionGuid = {B2B748F3-2438-4AF3-8E62-33CBC41665ED}
	EndGlobalSection
EndGlobal
